{
  "name": "discord-armajet",
  "version": "0.1.0",
  "lockfileVersion": 1,
  "requires": true,
  "dependencies": {
    "async-limiter": {
      "version": "1.0.0",
      "resolved": "http://registry.npm.taobao.org/async-limiter/download/async-limiter-1.0.0.tgz",
      "integrity": "sha1-ePrtjD0HSrgfIrTphdeehzj3IPg="
    },
    "discord.js": {
      "version": "11.5.1",
      "resolved": "https://registry.npm.taobao.org/discord.js/download/discord.js-11.5.1.tgz",
      "integrity": "sha1-kQ+59kEDKFgQk+BEyvtmF4Ok2eg=",
      "requires": {
        "long": "^4.0.0",
        "prism-media": "^0.0.3",
        "snekfetch": "^3.6.4",
        "tweetnacl": "^1.0.0",
        "ws": "^6.0.0"
      }
    },
    "html-entities": {
      "version": "1.2.1",
      "resolved": "https://registry.npm.taobao.org/html-entities/download/html-entities-1.2.1.tgz",
      "integrity": "sha1-DfKTUfByEWNRXfueVUPl9u7VFi8="
    },
    "long": {
      "version": "4.0.0",
      "resolved": "https://registry.npm.taobao.org/long/download/long-4.0.0.tgz",
      "integrity": "sha1-mntxz7fTYaGU6lVSQckvdGjVvyg="
    },
    "m3u8stream": {
      "version": "0.6.2",
      "resolved": "https://registry.npm.taobao.org/m3u8stream/download/m3u8stream-0.6.2.tgz",
      "integrity": "sha1-wsYt3OiBVtgDeN1ZvgEMi46dEgs=",
      "requires": {
        "miniget": "^1.4.0",
        "sax": "^1.2.4"
      }
    },
    "miniget": {
      "version": "1.5.1",
      "resolved": "https://registry.npm.taobao.org/miniget/download/miniget-1.5.1.tgz",
      "integrity": "sha1-T5OEDVqu0hY0zRL9B9IvfWTp1XA="
    },
    "opusscript": {
      "version": "0.0.6",
      "resolved": "https://registry.npm.taobao.org/opusscript/download/opusscript-0.0.6.tgz",
      "integrity": "sha1-z0kvxfssgZrylq4C6qPPIQQzybo="
    },
    "prism-media": {
      "version": "0.0.3",
      "resolved": "https://registry.npm.taobao.org/prism-media/download/prism-media-0.0.3.tgz",
      "integrity": "sha1-iELU+ugE8JnTtIqaOOPCurb0hVs="
    },
    "sax": {
      "version": "1.2.4",
      "resolved": "http://registry.npm.taobao.org/sax/download/sax-1.2.4.tgz",
      "integrity": "sha1-KBYjTiN4vdxOU1T6tcqold9xANk="
    },
    "snekfetch": {
      "version": "3.6.4",
      "resolved": "https://registry.npm.taobao.org/snekfetch/download/snekfetch-3.6.4.tgz",
      "integrity": "sha1-0T6AphbYkvPTjarkKJ9NJYpkUSA="
    },
    "tweetnacl": {
      "version": "1.0.1",
      "resolved": "https://registry.npm.taobao.org/tweetnacl/download/tweetnacl-1.0.1.tgz",
      "integrity": "sha1-JZTULac80Da9DSpUaD3TWmtVyhc="
    },
    "ws": {
      "version": "6.2.1",
      "resolved": "https://registry.npm.taobao.org/ws/download/ws-6.2.1.tgz",
      "integrity": "sha1-RC/fCkftZPWbal2P8TD0dI7VJPs=",
      "requires": {
        "async-limiter": "~1.0.0"
      }
    },
    "ytdl-core": {
      "version": "0.29.2",
      "resolved": "https://registry.npm.taobao.org/ytdl-core/download/ytdl-core-0.29.2.tgz",
      "integrity": "sha1-AD5dghqrbcwvXAHRDSq8U4y9krU=",
      "requires": {
        "html-entities": "^1.1.3",
        "m3u8stream": "^0.6.2",
        "miniget": "^1.4.0",
        "sax": "^1.1.3"
      }
    }
  }
}
